
Microsoft Visual Studio Solution File, Format Version 12.00
# Visual Studio Version 17
VisualStudioVersion = 17.0.32014.148
MinimumVisualStudioVersion = 10.0.40219.1
Project("{FAE04EC0-301F-11D3-BF4B-00C04F79EFBC}") = "ElasticSearchService", "ElasticSearchService\ElasticSearchService.csproj", "{FA9B23D0-3069-4976-A430-119BC3940557}"
EndProject
Global
	GlobalSection(SolutionConfigurationPlatforms) = preSolution
		Debug|Any CPU = Debug|Any CPU
		Release|Any CPU = Release|Any CPU
	EndGlobalSection
	GlobalSection(ProjectConfigurationPlatforms) = postSolution
		{FA9B23D0-3069-4976-A430-119BC3940557}.Debug|Any CPU.ActiveCfg = Debug|Any CPU
		{FA9B23D0-3069-4976-A430-119BC3940557}.Debug|Any CPU.Build.0 = Debug|Any CPU
		{FA9B23D0-3069-4976-A430-119BC3940557}.Release|Any CPU.ActiveCfg = Release|Any CPU
		{FA9B23D0-3069-4976-A430-119BC3940557}.Release|Any CPU.Build.0 = Release|Any CPU
	EndGlobalSection
	GlobalSection(SolutionProperties) = preSolution
		HideSolutionNode = FALSE
	EndGlobalSection
	GlobalSection(ExtensibilityGlobals) = postSolution
		SolutionGuid = {92FC715D-ED86-44A5-B5C6-E702EADC2C32}
	EndGlobalSection
EndGlobal
